
Microsoft Visual Studio Solution File, Format Version 12.00
# Visual Studio Version 16
VisualStudioVersion = 16.0.30114.105
MinimumVisualStudioVersion = 10.0.40219.1
Project("{FAE04EC0-301F-11D3-BF4B-00C04F79EFBC}") = "teste.api", "teste.api\teste.api.csproj", "{DE71DB52-E4D8-4A4A-B42D-665362645B95}"
EndProject
Project("{FAE04EC0-301F-11D3-BF4B-00C04F79EFBC}") = "teste.data", "teste.data\teste.data.csproj", "{0866CC2D-B98C-4996-B2F8-E31558AE3A90}"
EndProject
Project("{FAE04EC0-301F-11D3-BF4B-00C04F79EFBC}") = "teste.domain", "teste.domain\teste.domain.csproj", "{C1EBCFD4-F546-4EFD-8217-0BB3E61490FB}"
EndProject
Global
	GlobalSection(SolutionConfigurationPlatforms) = preSolution
		Debug|Any CPU = Debug|Any CPU
		Debug|x64 = Debug|x64
		Debug|x86 = Debug|x86
		Release|Any CPU = Release|Any CPU
		Release|x64 = Release|x64
		Release|x86 = Release|x86
	EndGlobalSection
	GlobalSection(SolutionProperties) = preSolution
		HideSolutionNode = FALSE
	EndGlobalSection
	GlobalSection(ProjectConfigurationPlatforms) = postSolution
		{DE71DB52-E4D8-4A4A-B42D-665362645B95}.Debug|Any CPU.ActiveCfg = Debug|Any CPU
		{DE71DB52-E4D8-4A4A-B42D-665362645B95}.Debug|Any CPU.Build.0 = Debug|Any CPU
		{DE71DB52-E4D8-4A4A-B42D-665362645B95}.Debug|x64.ActiveCfg = Debug|Any CPU
		{DE71DB52-E4D8-4A4A-B42D-665362645B95}.Debug|x64.Build.0 = Debug|Any CPU
		{DE71DB52-E4D8-4A4A-B42D-665362645B95}.Debug|x86.ActiveCfg = Debug|Any CPU
		{DE71DB52-E4D8-4A4A-B42D-665362645B95}.Debug|x86.Build.0 = Debug|Any CPU
		{DE71DB52-E4D8-4A4A-B42D-665362645B95}.Release|Any CPU.ActiveCfg = Release|Any CPU
		{DE71DB52-E4D8-4A4A-B42D-665362645B95}.Release|Any CPU.Build.0 = Release|Any CPU
		{DE71DB52-E4D8-4A4A-B42D-665362645B95}.Release|x64.ActiveCfg = Release|Any CPU
		{DE71DB52-E4D8-4A4A-B42D-665362645B95}.Release|x64.Build.0 = Release|Any CPU
		{DE71DB52-E4D8-4A4A-B42D-665362645B95}.Release|x86.ActiveCfg = Release|Any CPU
		{DE71DB52-E4D8-4A4A-B42D-665362645B95}.Release|x86.Build.0 = Release|Any CPU
		{0866CC2D-B98C-4996-B2F8-E31558AE3A90}.Debug|Any CPU.ActiveCfg = Debug|Any CPU
		{0866CC2D-B98C-4996-B2F8-E31558AE3A90}.Debug|Any CPU.Build.0 = Debug|Any CPU
		{0866CC2D-B98C-4996-B2F8-E31558AE3A90}.Debug|x64.ActiveCfg = Debug|Any CPU
		{0866CC2D-B98C-4996-B2F8-E31558AE3A90}.Debug|x64.Build.0 = Debug|Any CPU
		{0866CC2D-B98C-4996-B2F8-E31558AE3A90}.Debug|x86.ActiveCfg = Debug|Any CPU
		{0866CC2D-B98C-4996-B2F8-E31558AE3A90}.Debug|x86.Build.0 = Debug|Any CPU
		{0866CC2D-B98C-4996-B2F8-E31558AE3A90}.Release|Any CPU.ActiveCfg = Release|Any CPU
		{0866CC2D-B98C-4996-B2F8-E31558AE3A90}.Release|Any CPU.Build.0 = Release|Any CPU
		{0866CC2D-B98C-4996-B2F8-E31558AE3A90}.Release|x64.ActiveCfg = Release|Any CPU
		{0866CC2D-B98C-4996-B2F8-E31558AE3A90}.Release|x64.Build.0 = Release|Any CPU
		{0866CC2D-B98C-4996-B2F8-E31558AE3A90}.Release|x86.ActiveCfg = Release|Any CPU
		{0866CC2D-B98C-4996-B2F8-E31558AE3A90}.Release|x86.Build.0 = Release|Any CPU
		{C1EBCFD4-F546-4EFD-8217-0BB3E61490FB}.Debug|Any CPU.ActiveCfg = Debug|Any CPU
		{C1EBCFD4-F546-4EFD-8217-0BB3E61490FB}.Debug|Any CPU.Build.0 = Debug|Any CPU
		{C1EBCFD4-F546-4EFD-8217-0BB3E61490FB}.Debug|x64.ActiveCfg = Debug|Any CPU
		{C1EBCFD4-F546-4EFD-8217-0BB3E61490FB}.Debug|x64.Build.0 = Debug|Any CPU
		{C1EBCFD4-F546-4EFD-8217-0BB3E61490FB}.Debug|x86.ActiveCfg = Debug|Any CPU
		{C1EBCFD4-F546-4EFD-8217-0BB3E61490FB}.Debug|x86.Build.0 = Debug|Any CPU
		{C1EBCFD4-F546-4EFD-8217-0BB3E61490FB}.Release|Any CPU.ActiveCfg = Release|Any CPU
		{C1EBCFD4-F546-4EFD-8217-0BB3E61490FB}.Release|Any CPU.Build.0 = Release|Any CPU
		{C1EBCFD4-F546-4EFD-8217-0BB3E61490FB}.Release|x64.ActiveCfg = Release|Any CPU
		{C1EBCFD4-F546-4EFD-8217-0BB3E61490FB}.Release|x64.Build.0 = Release|Any CPU
		{C1EBCFD4-F546-4EFD-8217-0BB3E61490FB}.Release|x86.ActiveCfg = Release|Any CPU
		{C1EBCFD4-F546-4EFD-8217-0BB3E61490FB}.Release|x86.Build.0 = Release|Any CPU
	EndGlobalSection
EndGlobal
